
Microsoft Visual Studio Solution File, Format Version 12.00
# Visual Studio Version 17
VisualStudioVersion = 17.7.34024.191
MinimumVisualStudioVersion = 10.0.40219.1
Project("{8BC9CEB8-8B4A-11D0-8D11-00A0C91BC942}") = "uchebnaya practika", "uchebnaya practika.vcxproj", "{02278653-67A4-48AC-AB48-60F3F40A7287}"
EndProject
Global
	GlobalSection(SolutionConfigurationPlatforms) = preSolution
		Debug|x64 = Debug|x64
		Release|x64 = Release|x64
	EndGlobalSection
	GlobalSection(ProjectConfigurationPlatforms) = postSolution
		{02278653-67A4-48AC-AB48-60F3F40A7287}.Debug|x64.ActiveCfg = Debug|x64
		{02278653-67A4-48AC-AB48-60F3F40A7287}.Debug|x64.Build.0 = Debug|x64
		{02278653-67A4-48AC-AB48-60F3F40A7287}.Release|x64.ActiveCfg = Release|x64
		{02278653-67A4-48AC-AB48-60F3F40A7287}.Release|x64.Build.0 = Release|x64
	EndGlobalSection
	GlobalSection(SolutionProperties) = preSolution
		HideSolutionNode = FALSE
	EndGlobalSection
	GlobalSection(ExtensibilityGlobals) = postSolution
		SolutionGuid = {CDDB82EF-A7A4-4849-99B5-B3E01A6EB953}
	EndGlobalSection
EndGlobal
